---
name: update-flake-lock
on:  # yamllint disable-line rule:truthy
  workflow_dispatch:  # allows manual triggering
  schedule:
    - cron: '0 0 1 * *'  # runs monthly at 00:00

jobs:
  lockfile:
    runs-on: ubuntu-latest
    steps:
      - uses: actions/checkout@v3
      - uses: cachix/install-nix-action@v18
        with:
          extra_nix_config: |
            access-tokens = github.com=${{ secrets.GITHUB_TOKEN }}
      - uses: DeterminateSystems/update-flake-lock@v16
