# yamllint disable rule:line-length
---
name: update-flake-lock
on:  # yamllint disable-line rule:truthy
  workflow_dispatch:  # allows manual triggering
  schedule:
    - cron: '0 0 1 * *'  # runs monthly at 00:00

jobs:
  lockfile:
    runs-on: ubuntu-latest
    steps:
      - uses: actions/checkout@de0fac2e4500dabe0009e67214ff5f5447ce83dd  # v6.0.2
      - uses: cachix/install-nix-action@616559265b40713947b9c190a8ff4b507b5df49b  # v31.10.4
        with:
          extra_nix_config: |
            access-tokens = github.com=${{ secrets.GITHUB_TOKEN }}
      - uses: DeterminateSystems/update-flake-lock@834c491b2ece4de0bbd00d85214bb5e83b4da5c6  # v28
